
Microsoft Visual Studio Solution File, Format Version 12.00
# Visual Studio 14
VisualStudioVersion = 14.0.23107.0
MinimumVisualStudioVersion = 10.0.40219.1
Project("{8BC9CEB8-8B4A-11D0-8D11-00A0C91BC942}") = "CommDll", "CommDll\CommDll.vcxproj", "{7DE157D3-8025-4D33-83BA-B5E1E54F1AA9}"
EndProject
Project("{8BC9CEB8-8B4A-11D0-8D11-00A0C91BC942}") = "CommDllTest", "CommDllTest\CommDllTest.vcxproj", "{7806658A-FEA1-4C88-9134-BEB1CA291952}"
	ProjectSection(ProjectDependencies) = postProject
		{7DE157D3-8025-4D33-83BA-B5E1E54F1AA9} = {7DE157D3-8025-4D33-83BA-B5E1E54F1AA9}
	EndProjectSection
EndProject
Global
	GlobalSection(SolutionConfigurationPlatforms) = preSolution
		Debug|x64 = Debug|x64
		Debug|x86 = Debug|x86
		Release|x64 = Release|x64
		Release|x86 = Release|x86
	EndGlobalSection
	GlobalSection(ProjectConfigurationPlatforms) = postSolution
		{7DE157D3-8025-4D33-83BA-B5E1E54F1AA9}.Debug|x64.ActiveCfg = Debug|x64
		{7DE157D3-8025-4D33-83BA-B5E1E54F1AA9}.Debug|x64.Build.0 = Debug|x64
		{7DE157D3-8025-4D33-83BA-B5E1E54F1AA9}.Debug|x86.ActiveCfg = Debug|Win32
		{7DE157D3-8025-4D33-83BA-B5E1E54F1AA9}.Debug|x86.Build.0 = Debug|Win32
		{7DE157D3-8025-4D33-83BA-B5E1E54F1AA9}.Release|x64.ActiveCfg = Release|x64
		{7DE157D3-8025-4D33-83BA-B5E1E54F1AA9}.Release|x64.Build.0 = Release|x64
		{7DE157D3-8025-4D33-83BA-B5E1E54F1AA9}.Release|x86.ActiveCfg = Release|Win32
		{7DE157D3-8025-4D33-83BA-B5E1E54F1AA9}.Release|x86.Build.0 = Release|Win32
		{7806658A-FEA1-4C88-9134-BEB1CA291952}.Debug|x64.ActiveCfg = Debug|x64
		{7806658A-FEA1-4C88-9134-BEB1CA291952}.Debug|x64.Build.0 = Debug|x64
		{7806658A-FEA1-4C88-9134-BEB1CA291952}.Debug|x86.ActiveCfg = Debug|Win32
		{7806658A-FEA1-4C88-9134-BEB1CA291952}.Debug|x86.Build.0 = Debug|Win32
		{7806658A-FEA1-4C88-9134-BEB1CA291952}.Release|x64.ActiveCfg = Release|x64
		{7806658A-FEA1-4C88-9134-BEB1CA291952}.Release|x64.Build.0 = Release|x64
		{7806658A-FEA1-4C88-9134-BEB1CA291952}.Release|x86.ActiveCfg = Release|Win32
		{7806658A-FEA1-4C88-9134-BEB1CA291952}.Release|x86.Build.0 = Release|Win32
	EndGlobalSection
	GlobalSection(SolutionProperties) = preSolution
		HideSolutionNode = FALSE
	EndGlobalSection
EndGlobal
